
Microsoft Visual Studio Solution File, Format Version 12.00
# Visual Studio Version 17
VisualStudioVersion = 17.14.36717.8 d17.14
MinimumVisualStudioVersion = 10.0.40219.1
Project("{C9674DCB-5085-4A16-B785-4C70DD1589BD}") = "TAAD_ProjetoETL", "TAAD_ProjetoETL.dtproj", "{485D6386-E62E-F8FE-541E-61057ED772A5}"
EndProject
Global
	GlobalSection(SolutionConfigurationPlatforms) = preSolution
		Development|Default = Development|Default
	EndGlobalSection
	GlobalSection(ProjectConfigurationPlatforms) = postSolution
		{485D6386-E62E-F8FE-541E-61057ED772A5}.Development|Default.ActiveCfg = Development
		{485D6386-E62E-F8FE-541E-61057ED772A5}.Development|Default.Build.0 = Development
	EndGlobalSection
	GlobalSection(SolutionProperties) = preSolution
		HideSolutionNode = FALSE
	EndGlobalSection
	GlobalSection(ExtensibilityGlobals) = postSolution
		SolutionGuid = {F70E97DC-5AE7-48F3-836D-5CCA68A1A09C}
	EndGlobalSection
EndGlobal
